
Microsoft Visual Studio Solution File, Format Version 12.00
# Visual Studio 15
VisualStudioVersion = 15.0.28010.2016
MinimumVisualStudioVersion = 10.0.40219.1
Project("{8BC9CEB8-8B4A-11D0-8D11-00A0C91BC942}") = "AnalisisImagen", "AnalisisImagen\AnalisisImagen.vcxproj", "{A80261C5-EBB3-49D7-9F2D-EB359192449C}"
EndProject
Global
	GlobalSection(SolutionConfigurationPlatforms) = preSolution
		Debug|x64 = Debug|x64
		Debug|x86 = Debug|x86
		Release|x64 = Release|x64
		Release|x86 = Release|x86
	EndGlobalSection
	GlobalSection(ProjectConfigurationPlatforms) = postSolution
		{A80261C5-EBB3-49D7-9F2D-EB359192449C}.Debug|x64.ActiveCfg = Debug|x64
		{A80261C5-EBB3-49D7-9F2D-EB359192449C}.Debug|x64.Build.0 = Debug|x64
		{A80261C5-EBB3-49D7-9F2D-EB359192449C}.Debug|x86.ActiveCfg = Debug|Win32
		{A80261C5-EBB3-49D7-9F2D-EB359192449C}.Debug|x86.Build.0 = Debug|Win32
		{A80261C5-EBB3-49D7-9F2D-EB359192449C}.Release|x64.ActiveCfg = Release|x64
		{A80261C5-EBB3-49D7-9F2D-EB359192449C}.Release|x64.Build.0 = Release|x64
		{A80261C5-EBB3-49D7-9F2D-EB359192449C}.Release|x86.ActiveCfg = Release|Win32
		{A80261C5-EBB3-49D7-9F2D-EB359192449C}.Release|x86.Build.0 = Release|Win32
	EndGlobalSection
	GlobalSection(SolutionProperties) = preSolution
		HideSolutionNode = FALSE
	EndGlobalSection
	GlobalSection(ExtensibilityGlobals) = postSolution
		SolutionGuid = {4CE0D175-D7EE-4627-8E51-A141329354E4}
	EndGlobalSection
EndGlobal
